// !$*UTF8*$!
{
	archiveVersion = 1;
	classes = {
	};
	objectVersion = 55;
	objects = {

/* Begin PBXBuildFile section */
		EA5AF69B28512572000264D7 /* testing_custom_codableApp.swift in Sources */ = {isa = PBXBuildFile; fileRef = EA5AF69A28512572000264D7 /* testing_custom_codableApp.swift */; };
		EA5AF69D28512572000264D7 /* ContentView.swift in Sources */ = {isa = PBXBuildFile; fileRef = EA5AF69C28512572000264D7 /* ContentView.swift */; };
		EA5AF69F28512573000264D7 /* Assets.xcassets in Resources */ = {isa = PBXBuildFile; fileRef = EA5AF69E28512573000264D7 /* Assets.xcassets */; };
		EA5AF6A228512573000264D7 /* Preview Assets.xcassets in Resources */ = {isa = PBXBuildFile; fileRef = EA5AF6A128512573000264D7 /* Preview Assets.xcassets */; };
		EA5AF6AC28512573000264D7 /* testing_custom_codableTests.swift in Sources */ = {isa = PBXBuildFile; fileRef = EA5AF6AB28512573000264D7 /* testing_custom_codableTests.swift */; };
		EA63D80E288D741A0047B2BF /* Conference.swift in Sources */ = {isa = PBXBuildFile; fileRef = EA63D80D288D741A0047B2BF /* Conference.swift */; };
		EA63D811288F8BEE0047B2BF /* Difference in Frameworks */ = {isa = PBXBuildFile; productRef = EA63D810288F8BEE0047B2BF /* Difference */; };
/* End PBXBuildFile section */

/* Begin PBXContainerItemProxy section */
		EA5AF6A828512573000264D7 /* PBXContainerItemProxy */ = {
			isa = PBXContainerItemProxy;
			containerPortal = EA5AF68F28512572000264D7 /* Project object */;
			proxyType = 1;
			remoteGlobalIDString = EA5AF69628512572000264D7;
			remoteInfo = "testing-custom-codable";
		};
/* End PBXContainerItemProxy section */

/* Begin PBXFileReference section */
		EA5AF69728512572000264D7 /* testing-custom-codable.app */ = {isa = PBXFileReference; explicitFileType = wrapper.application; includeInIndex = 0; path = "testing-custom-codable.app"; sourceTree = BUILT_PRODUCTS_DIR; };
		EA5AF69A28512572000264D7 /* testing_custom_codableApp.swift */ = {isa = PBXFileReference; lastKnownFileType = sourcecode.swift; path = testing_custom_codableApp.swift; sourceTree = "<group>"; };
		EA5AF69C28512572000264D7 /* ContentView.swift */ = {isa = PBXFileReference; lastKnownFileType = sourcecode.swift; path = ContentView.swift; sourceTree = "<group>"; };
		EA5AF69E28512573000264D7 /* Assets.xcassets */ = {isa = PBXFileReference; lastKnownFileType = folder.assetcatalog; path = Assets.xcassets; sourceTree = "<group>"; };
		EA5AF6A128512573000264D7 /* Preview Assets.xcassets */ = {isa = PBXFileReference; lastKnownFileType = folder.assetcatalog; path = "Preview Assets.xcassets"; sourceTree = "<group>"; };
		EA5AF6A728512573000264D7 /* testing-custom-codableTests.xctest */ = {isa = PBXFileReference; explicitFileType = wrapper.cfbundle; includeInIndex = 0; path = "testing-custom-codableTests.xctest"; sourceTree = BUILT_PRODUCTS_DIR; };
		EA5AF6AB28512573000264D7 /* testing_custom_codableTests.swift */ = {isa = PBXFileReference; lastKnownFileType = sourcecode.swift; path = testing_custom_codableTests.swift; sourceTree = "<group>"; };
		EA63D80D288D741A0047B2BF /* Conference.swift */ = {isa = PBXFileReference; lastKnownFileType = sourcecode.swift; path = Conference.swift; sourceTree = "<group>"; };
/* End PBXFileReference section */

/* Begin PBXFrameworksBuildPhase section */
		EA5AF69428512572000264D7 /* Frameworks */ = {
			isa = PBXFrameworksBuildPhase;
			buildActionMask = 2147483647;
			files = (
				EA63D811288F8BEE0047B2BF /* Difference in Frameworks */,
			);
			runOnlyForDeploymentPostprocessing = 0;
		};
		EA5AF6A428512573000264D7 /* Frameworks */ = {
			isa = PBXFrameworksBuildPhase;
			buildActionMask = 2147483647;
			files = (
			);
			runOnlyForDeploymentPostprocessing = 0;
		};
/* End PBXFrameworksBuildPhase section */

/* Begin PBXGroup section */
		EA5AF68E28512572000264D7 = {
			isa = PBXGroup;
			children = (
				EA5AF69928512572000264D7 /* testing-custom-codable */,
				EA5AF6AA28512573000264D7 /* testing-custom-codableTests */,
				EA5AF69828512572000264D7 /* Products */,
			);
			sourceTree = "<group>";
		};
		EA5AF69828512572000264D7 /* Products */ = {
			isa = PBXGroup;
			children = (
				EA5AF69728512572000264D7 /* testing-custom-codable.app */,
				EA5AF6A728512573000264D7 /* testing-custom-codableTests.xctest */,
			);
			name = Products;
			sourceTree = "<group>";
		};
		EA5AF69928512572000264D7 /* testing-custom-codable */ = {
			isa = PBXGroup;
			children = (
				EA5AF69A28512572000264D7 /* testing_custom_codableApp.swift */,
				EA5AF69C28512572000264D7 /* ContentView.swift */,
				EA5AF69E28512573000264D7 /* Assets.xcassets */,
				EA5AF6A028512573000264D7 /* Preview Content */,
				EA63D80D288D741A0047B2BF /* Conference.swift */,
			);
			path = "testing-custom-codable";
			sourceTree = "<group>";
		};
		EA5AF6A028512573000264D7 /* Preview Content */ = {
			isa = PBXGroup;
			children = (
				EA5AF6A128512573000264D7 /* Preview Assets.xcassets */,
			);
			path = "Preview Content";
			sourceTree = "<group>";
		};
		EA5AF6AA28512573000264D7 /* testing-custom-codableTests */ = {
			isa = PBXGroup;
			children = (
				EA5AF6AB28512573000264D7 /* testing_custom_codableTests.swift */,
			);
			path = "testing-custom-codableTests";
			sourceTree = "<group>";
		};
/* End PBXGroup section */

/* Begin PBXNativeTarget section */
		EA5AF69628512572000264D7 /* testing-custom-codable */ = {
			isa = PBXNativeTarget;
			buildConfigurationList = EA5AF6BB28512573000264D7 /* Build configuration list for PBXNativeTarget "testing-custom-codable" */;
			buildPhases = (
				EA5AF69328512572000264D7 /* Sources */,
				EA5AF69428512572000264D7 /* Frameworks */,
				EA5AF69528512572000264D7 /* Resources */,
			);
			buildRules = (
			);
			dependencies = (
			);
			name = "testing-custom-codable";
			packageProductDependencies = (
				EA63D810288F8BEE0047B2BF /* Difference */,
			);
			productName = "testing-custom-codable";
			productReference = EA5AF69728512572000264D7 /* testing-custom-codable.app */;
			productType = "com.apple.product-type.application";
		};
		EA5AF6A628512573000264D7 /* testing-custom-codableTests */ = {
			isa = PBXNativeTarget;
			buildConfigurationList = EA5AF6BE28512573000264D7 /* Build configuration list for PBXNativeTarget "testing-custom-codableTests" */;
			buildPhases = (
				EA5AF6A328512573000264D7 /* Sources */,
				EA5AF6A428512573000264D7 /* Frameworks */,
				EA5AF6A528512573000264D7 /* Resources */,
			);
			buildRules = (
			);
			dependencies = (
				EA5AF6A928512573000264D7 /* PBXTargetDependency */,
			);
			name = "testing-custom-codableTests";
			productName = "testing-custom-codableTests";
			productReference = EA5AF6A728512573000264D7 /* testing-custom-codableTests.xctest */;
			productType = "com.apple.product-type.bundle.unit-test";
		};
/* End PBXNativeTarget section */

/* Begin PBXProject section */
		EA5AF68F28512572000264D7 /* Project object */ = {
			isa = PBXProject;
			attributes = {
				BuildIndependentTargetsInParallel = 1;
				LastSwiftUpdateCheck = 1340;
				LastUpgradeCheck = 1340;
				TargetAttributes = {
					EA5AF69628512572000264D7 = {
						CreatedOnToolsVersion = 13.4.1;
					};
					EA5AF6A628512573000264D7 = {
						CreatedOnToolsVersion = 13.4.1;
						TestTargetID = EA5AF69628512572000264D7;
					};
				};
			};
			buildConfigurationList = EA5AF69228512572000264D7 /* Build configuration list for PBXProject "testing-custom-codable" */;
			compatibilityVersion = "Xcode 13.0";
			developmentRegion = en;
			hasScannedForEncodings = 0;
			knownRegions = (
				en,
				Base,
			);
			mainGroup = EA5AF68E28512572000264D7;
			packageReferences = (
				EA63D80F288F8BEE0047B2BF /* XCRemoteSwiftPackageReference "Difference" */,
			);
			productRefGroup = EA5AF69828512572000264D7 /* Products */;
			projectDirPath = "";
			projectRoot = "";
			targets = (
				EA5AF69628512572000264D7 /* testing-custom-codable */,
				EA5AF6A628512573000264D7 /* testing-custom-codableTests */,
			);
		};
/* End PBXProject section */

/* Begin PBXResourcesBuildPhase section */
		EA5AF69528512572000264D7 /* Resources */ = {
			isa = PBXResourcesBuildPhase;
			buildActionMask = 2147483647;
			files = (
				EA5AF6A228512573000264D7 /* Preview Assets.xcassets in Resources */,
				EA5AF69F28512573000264D7 /* Assets.xcassets in Resources */,
			);
			runOnlyForDeploymentPostprocessing = 0;
		};
		EA5AF6A528512573000264D7 /* Resources */ = {
			isa = PBXResourcesBuildPhase;
			buildActionMask = 2147483647;
			files = (
			);
			runOnlyForDeploymentPostprocessing = 0;
		};
/* End PBXResourcesBuildPhase section */

/* Begin PBXSourcesBuildPhase section */
		EA5AF69328512572000264D7 /* Sources */ = {
			isa = PBXSourcesBuildPhase;
			buildActionMask = 2147483647;
			files = (
				EA5AF69D28512572000264D7 /* ContentView.swift in Sources */,
				EA5AF69B28512572000264D7 /* testing_custom_codableApp.swift in Sources */,
				EA63D80E288D741A0047B2BF /* Conference.swift in Sources */,
			);
			runOnlyForDeploymentPostprocessing = 0;
		};
		EA5AF6A328512573000264D7 /* Sources */ = {
			isa = PBXSourcesBuildPhase;
			buildActionMask = 2147483647;
			files = (
				EA5AF6AC28512573000264D7 /* testing_custom_codableTests.swift in Sources */,
			);
			runOnlyForDeploymentPostprocessing = 0;
		};
/* End PBXSourcesBuildPhase section */

/* Begin PBXTargetDependency section */
		EA5AF6A928512573000264D7 /* PBXTargetDependency */ = {
			isa = PBXTargetDependency;
			target = EA5AF69628512572000264D7 /* testing-custom-codable */;
			targetProxy = EA5AF6A828512573000264D7 /* PBXContainerItemProxy */;
		};
/* End PBXTargetDependency section */

/* Begin XCBuildConfiguration section */
		EA5AF6B928512573000264D7 /* Debug */ = {
			isa = XCBuildConfiguration;
			buildSettings = {
				ALWAYS_SEARCH_USER_PATHS = NO;
				CLANG_ANALYZER_NONNULL = YES;
				CLANG_ANALYZER_NUMBER_OBJECT_CONVERSION = YES_AGGRESSIVE;
				CLANG_CXX_LANGUAGE_STANDARD = "gnu++17";
				CLANG_ENABLE_MODULES = YES;
				CLANG_ENABLE_OBJC_ARC = YES;
				CLANG_ENABLE_OBJC_WEAK = YES;
				CLANG_WARN_BLOCK_CAPTURE_AUTORELEASING = YES;
				CLANG_WARN_BOOL_CONVERSION = YES;
				CLANG_WARN_COMMA = YES;
				CLANG_WARN_CONSTANT_CONVERSION = YES;
				CLANG_WARN_DEPRECATED_OBJC_IMPLEMENTATIONS = YES;
				CLANG_WARN_DIRECT_OBJC_ISA_USAGE = YES_ERROR;
				CLANG_WARN_DOCUMENTATION_COMMENTS = YES;
				CLANG_WARN_EMPTY_BODY = YES;
				CLANG_WARN_ENUM_CONVERSION = YES;
				CLANG_WARN_INFINITE_RECURSION = YES;
				CLANG_WARN_INT_CONVERSION = YES;
				CLANG_WARN_NON_LITERAL_NULL_CONVERSION = YES;
				CLANG_WARN_OBJC_IMPLICIT_RETAIN_SELF = YES;
				CLANG_WARN_OBJC_LITERAL_CONVERSION = YES;
				CLANG_WARN_OBJC_ROOT_CLASS = YES_ERROR;
				CLANG_WARN_QUOTED_INCLUDE_IN_FRAMEWORK_HEADER = YES;
				CLANG_WARN_RANGE_LOOP_ANALYSIS = YES;
				CLANG_WARN_STRICT_PROTOTYPES = YES;
				CLANG_WARN_SUSPICIOUS_MOVE = YES;
				CLANG_WARN_UNGUARDED_AVAILABILITY = YES_AGGRESSIVE;
				CLANG_WARN_UNREACHABLE_CODE = YES;
				CLANG_WARN__DUPLICATE_METHOD_MATCH = YES;
				COPY_PHASE_STRIP = NO;
				DEBUG_INFORMATION_FORMAT = dwarf;
				ENABLE_STRICT_OBJC_MSGSEND = YES;
				ENABLE_TESTABILITY = YES;
				GCC_C_LANGUAGE_STANDARD = gnu11;
				GCC_DYNAMIC_NO_PIC = NO;
				GCC_NO_COMMON_BLOCKS = YES;
				GCC_OPTIMIZATION_LEVEL = 0;
				GCC_PREPROCESSOR_DEFINITIONS = (
					"DEBUG=1",
					"$(inherited)",
				);
				GCC_WARN_64_TO_32_BIT_CONVERSION = YES;
				GCC_WARN_ABOUT_RETURN_TYPE = YES_ERROR;
				GCC_WARN_UNDECLARED_SELECTOR = YES;
				GCC_WARN_UNINITIALIZED_AUTOS = YES_AGGRESSIVE;
				GCC_WARN_UNUSED_FUNCTION = YES;
				GCC_WARN_UNUSED_VARIABLE = YES;
				IPHONEOS_DEPLOYMENT_TARGET = 15.5;
				MTL_ENABLE_DEBUG_INFO = INCLUDE_SOURCE;
				MTL_FAST_MATH = YES;
				ONLY_ACTIVE_ARCH = YES;
				SDKROOT = iphoneos;
				SWIFT_ACTIVE_COMPILATION_CONDITIONS = DEBUG;
				SWIFT_OPTIMIZATION_LEVEL = "-Onone";
			};
			name = Debug;
		};
		EA5AF6BA28512573000264D7 /* Release */ = {
			isa = XCBuildConfiguration;
			buildSettings = {
				ALWAYS_SEARCH_USER_PATHS = NO;
				CLANG_ANALYZER_NONNULL = YES;
				CLANG_ANALYZER_NUMBER_OBJECT_CONVERSION = YES_AGGRESSIVE;
				CLANG_CXX_LANGUAGE_STANDARD = "gnu++17";
				CLANG_ENABLE_MODULES = YES;
				CLANG_ENABLE_OBJC_ARC = YES;
				CLANG_ENABLE_OBJC_WEAK = YES;
				CLANG_WARN_BLOCK_CAPTURE_AUTORELEASING = YES;
				CLANG_WARN_BOOL_CONVERSION = YES;
				CLANG_WARN_COMMA = YES;
				CLANG_WARN_CONSTANT_CONVERSION = YES;
				CLANG_WARN_DEPRECATED_OBJC_IMPLEMENTATIONS = YES;
				CLANG_WARN_DIRECT_OBJC_ISA_USAGE = YES_ERROR;
				CLANG_WARN_DOCUMENTATION_COMMENTS = YES;
				CLANG_WARN_EMPTY_BODY = YES;
				CLANG_WARN_ENUM_CONVERSION = YES;
				CLANG_WARN_INFINITE_RECURSION = YES;
				CLANG_WARN_INT_CONVERSION = YES;
				CLANG_WARN_NON_LITERAL_NULL_CONVERSION = YES;
				CLANG_WARN_OBJC_IMPLICIT_RETAIN_SELF = YES;
				CLANG_WARN_OBJC_LITERAL_CONVERSION = YES;
				CLANG_WARN_OBJC_ROOT_CLASS = YES_ERROR;
				CLANG_WARN_QUOTED_INCLUDE_IN_FRAMEWORK_HEADER = YES;
				CLANG_WARN_RANGE_LOOP_ANALYSIS = YES;
				CLANG_WARN_STRICT_PROTOTYPES = YES;
				CLANG_WARN_SUSPICIOUS_MOVE = YES;
				CLANG_WARN_UNGUARDED_AVAILABILITY = YES_AGGRESSIVE;
				CLANG_WARN_UNREACHABLE_CODE = YES;
				CLANG_WARN__DUPLICATE_METHOD_MATCH = YES;
				COPY_PHASE_STRIP = NO;
				DEBUG_INFORMATION_FORMAT = "dwarf-with-dsym";
				ENABLE_NS_ASSERTIONS = NO;
				ENABLE_STRICT_OBJC_MSGSEND = YES;
				GCC_C_LANGUAGE_STANDARD = gnu11;
				GCC_NO_COMMON_BLOCKS = YES;
				GCC_WARN_64_TO_32_BIT_CONVERSION = YES;
				GCC_WARN_ABOUT_RETURN_TYPE = YES_ERROR;
				GCC_WARN_UNDECLARED_SELECTOR = YES;
				GCC_WARN_UNINITIALIZED_AUTOS = YES_AGGRESSIVE;
				GCC_WARN_UNUSED_FUNCTION = YES;
				GCC_WARN_UNUSED_VARIABLE = YES;
				IPHONEOS_DEPLOYMENT_TARGET = 15.5;
				MTL_ENABLE_DEBUG_INFO = NO;
				MTL_FAST_MATH = YES;
				SDKROOT = iphoneos;
				SWIFT_COMPILATION_MODE = wholemodule;
				SWIFT_OPTIMIZATION_LEVEL = "-O";
				VALIDATE_PRODUCT = YES;
			};
			name = Release;
		};
		EA5AF6BC28512573000264D7 /* Debug */ = {
			isa = XCBuildConfiguration;
			buildSettings = {
				ASSETCATALOG_COMPILER_APPICON_NAME = AppIcon;
				ASSETCATALOG_COMPILER_GLOBAL_ACCENT_COLOR_NAME = AccentColor;
				CODE_SIGN_STYLE = Automatic;
				CURRENT_PROJECT_VERSION = 1;
				DEVELOPMENT_ASSET_PATHS = "\"testing-custom-codable/Preview Content\"";
				DEVELOPMENT_TEAM = 9G3SM93N6Z;
				ENABLE_PREVIEWS = YES;
				GENERATE_INFOPLIST_FILE = YES;
				INFOPLIST_KEY_UIApplicationSceneManifest_Generation = YES;
				INFOPLIST_KEY_UIApplicationSupportsIndirectInputEvents = YES;
				INFOPLIST_KEY_UILaunchScreen_Generation = YES;
				INFOPLIST_KEY_UISupportedInterfaceOrientations_iPad = "UIInterfaceOrientationPortrait UIInterfaceOrientationPortraitUpsideDown UIInterfaceOrientationLandscapeLeft UIInterfaceOrientationLandscapeRight";
				INFOPLIST_KEY_UISupportedInterfaceOrientations_iPhone = "UIInterfaceOrientationPortrait UIInterfaceOrientationLandscapeLeft UIInterfaceOrientationLandscapeRight";
				LD_RUNPATH_SEARCH_PATHS = (
					"$(inherited)",
					"@executable_path/Frameworks",
				);
				MARKETING_VERSION = 1.0;
				PRODUCT_BUNDLE_IDENTIFIER = "com.danijelavrzan.testing-custom-codable";
				PRODUCT_NAME = "$(TARGET_NAME)";
				SWIFT_EMIT_LOC_STRINGS = YES;
				SWIFT_VERSION = 5.0;
				TARGETED_DEVICE_FAMILY = "1,2";
			};
			name = Debug;
		};
		EA5AF6BD28512573000264D7 /* Release */ = {
			isa = XCBuildConfiguration;
			buildSettings = {
				ASSETCATALOG_COMPILER_APPICON_NAME = AppIcon;
				ASSETCATALOG_COMPILER_GLOBAL_ACCENT_COLOR_NAME = AccentColor;
				CODE_SIGN_STYLE = Automatic;
				CURRENT_PROJECT_VERSION = 1;
				DEVELOPMENT_ASSET_PATHS = "\"testing-custom-codable/Preview Content\"";
				DEVELOPMENT_TEAM = 9G3SM93N6Z;
				ENABLE_PREVIEWS = YES;
				GENERATE_INFOPLIST_FILE = YES;
				INFOPLIST_KEY_UIApplicationSceneManifest_Generation = YES;
				INFOPLIST_KEY_UIApplicationSupportsIndirectInputEvents = YES;
				INFOPLIST_KEY_UILaunchScreen_Generation = YES;
				INFOPLIST_KEY_UISupportedInterfaceOrientations_iPad = "UIInterfaceOrientationPortrait UIInterfaceOrientationPortraitUpsideDown UIInterfaceOrientationLandscapeLeft UIInterfaceOrientationLandscapeRight";
				INFOPLIST_KEY_UISupportedInterfaceOrientations_iPhone = "UIInterfaceOrientationPortrait UIInterfaceOrientationLandscapeLeft UIInterfaceOrientationLandscapeRight";
				LD_RUNPATH_SEARCH_PATHS = (
					"$(inherited)",
					"@executable_path/Frameworks",
				);
				MARKETING_VERSION = 1.0;
				PRODUCT_BUNDLE_IDENTIFIER = "com.danijelavrzan.testing-custom-codable";
				PRODUCT_NAME = "$(TARGET_NAME)";
				SWIFT_EMIT_LOC_STRINGS = YES;
				SWIFT_VERSION = 5.0;
				TARGETED_DEVICE_FAMILY = "1,2";
			};
			name = Release;
		};
		EA5AF6BF28512573000264D7 /* Debug */ = {
			isa = XCBuildConfiguration;
			buildSettings = {
				ALWAYS_EMBED_SWIFT_STANDARD_LIBRARIES = YES;
				BUNDLE_LOADER = "$(TEST_HOST)";
				CODE_SIGN_STYLE = Automatic;
				CURRENT_PROJECT_VERSION = 1;
				DEVELOPMENT_TEAM = 9G3SM93N6Z;
				GENERATE_INFOPLIST_FILE = YES;
				IPHONEOS_DEPLOYMENT_TARGET = 15.5;
				MARKETING_VERSION = 1.0;
				PRODUCT_BUNDLE_IDENTIFIER = "com.danijelavrzan.testing-custom-codableTests";
				PRODUCT_NAME = "$(TARGET_NAME)";
				SWIFT_EMIT_LOC_STRINGS = NO;
				SWIFT_VERSION = 5.0;
				TARGETED_DEVICE_FAMILY = "1,2";
				TEST_HOST = "$(BUILT_PRODUCTS_DIR)/testing-custom-codable.app/testing-custom-codable";
			};
			name = Debug;
		};
		EA5AF6C028512573000264D7 /* Release */ = {
			isa = XCBuildConfiguration;
			buildSettings = {
				ALWAYS_EMBED_SWIFT_STANDARD_LIBRARIES = YES;
				BUNDLE_LOADER = "$(TEST_HOST)";
				CODE_SIGN_STYLE = Automatic;
				CURRENT_PROJECT_VERSION = 1;
				DEVELOPMENT_TEAM = 9G3SM93N6Z;
				GENERATE_INFOPLIST_FILE = YES;
				IPHONEOS_DEPLOYMENT_TARGET = 15.5;
				MARKETING_VERSION = 1.0;
				PRODUCT_BUNDLE_IDENTIFIER = "com.danijelavrzan.testing-custom-codableTests";
				PRODUCT_NAME = "$(TARGET_NAME)";
				SWIFT_EMIT_LOC_STRINGS = NO;
				SWIFT_VERSION = 5.0;
				TARGETED_DEVICE_FAMILY = "1,2";
				TEST_HOST = "$(BUILT_PRODUCTS_DIR)/testing-custom-codable.app/testing-custom-codable";
			};
			name = Release;
		};
/* End XCBuildConfiguration section */

/* Begin XCConfigurationList section */
		EA5AF69228512572000264D7 /* Build configuration list for PBXProject "testing-custom-codable" */ = {
			isa = XCConfigurationList;
			buildConfigurations = (
				EA5AF6B928512573000264D7 /* Debug */,
				EA5AF6BA28512573000264D7 /* Release */,
			);
			defaultConfigurationIsVisible = 0;
			defaultConfigurationName = Release;
		};
		EA5AF6BB28512573000264D7 /* Build configuration list for PBXNativeTarget "testing-custom-codable" */ = {
			isa = XCConfigurationList;
			buildConfigurations = (
				EA5AF6BC28512573000264D7 /* Debug */,
				EA5AF6BD28512573000264D7 /* Release */,
			);
			defaultConfigurationIsVisible = 0;
			defaultConfigurationName = Release;
		};
		EA5AF6BE28512573000264D7 /* Build configuration list for PBXNativeTarget "testing-custom-codableTests" */ = {
			isa = XCConfigurationList;
			buildConfigurations = (
				EA5AF6BF28512573000264D7 /* Debug */,
				EA5AF6C028512573000264D7 /* Release */,
			);
			defaultConfigurationIsVisible = 0;
			defaultConfigurationName = Release;
		};
/* End XCConfigurationList section */

/* Begin XCRemoteSwiftPackageReference section */
		EA63D80F288F8BEE0047B2BF /* XCRemoteSwiftPackageReference "Difference" */ = {
			isa = XCRemoteSwiftPackageReference;
			repositoryURL = "https://github.com/krzysztofzablocki/Difference.git";
			requirement = {
				branch = master;
				kind = branch;
			};
		};
/* End XCRemoteSwiftPackageReference section */

/* Begin XCSwiftPackageProductDependency section */
		EA63D810288F8BEE0047B2BF /* Difference */ = {
			isa = XCSwiftPackageProductDependency;
			package = EA63D80F288F8BEE0047B2BF /* XCRemoteSwiftPackageReference "Difference" */;
			productName = Difference;
		};
/* End XCSwiftPackageProductDependency section */
	};
	rootObject = EA5AF68F28512572000264D7 /* Project object */;
}
